
Microsoft Visual Studio Solution File, Format Version 12.00
# Visual Studio Version 16
VisualStudioVersion = 16.0.28803.916
MinimumVisualStudioVersion = 10.0.40219.1
Project("{FAE04EC0-301F-11D3-BF4B-00C04F79EFBC}") = "GameMemory", "sla\GameMemory.csproj", "{11A87801-9527-4B4A-8C6D-D03C87AA3D68}"
EndProject
Global
	GlobalSection(SolutionConfigurationPlatforms) = preSolution
		Debug|Any CPU = Debug|Any CPU
		Release|Any CPU = Release|Any CPU
	EndGlobalSection
	GlobalSection(ProjectConfigurationPlatforms) = postSolution
		{11A87801-9527-4B4A-8C6D-D03C87AA3D68}.Debug|Any CPU.ActiveCfg = Debug|Any CPU
		{11A87801-9527-4B4A-8C6D-D03C87AA3D68}.Debug|Any CPU.Build.0 = Debug|Any CPU
		{11A87801-9527-4B4A-8C6D-D03C87AA3D68}.Release|Any CPU.ActiveCfg = Release|Any CPU
		{11A87801-9527-4B4A-8C6D-D03C87AA3D68}.Release|Any CPU.Build.0 = Release|Any CPU
	EndGlobalSection
	GlobalSection(SolutionProperties) = preSolution
		HideSolutionNode = FALSE
	EndGlobalSection
	GlobalSection(ExtensibilityGlobals) = postSolution
		SolutionGuid = {56858E0C-FF41-43FF-8CBB-7F74B64C985B}
	EndGlobalSection
EndGlobal
